
Microsoft Visual Studio Solution File, Format Version 12.00
# Visual Studio Version 17
VisualStudioVersion = 17.0.32112.339
MinimumVisualStudioVersion = 10.0.40219.1
Project("{FAE04EC0-301F-11D3-BF4B-00C04F79EFBC}") = "Genocs.GithubAction.WebApi", "Genocs.GithubAction.WebApi\Genocs.GithubAction.WebApi.csproj", "{08B7CFA2-6DD6-49D3-8E38-322A0F35AA58}"
EndProject
Global
	GlobalSection(SolutionConfigurationPlatforms) = preSolution
		Debug|Any CPU = Debug|Any CPU
		Release|Any CPU = Release|Any CPU
	EndGlobalSection
	GlobalSection(ProjectConfigurationPlatforms) = postSolution
		{08B7CFA2-6DD6-49D3-8E38-322A0F35AA58}.Debug|Any CPU.ActiveCfg = Debug|Any CPU
		{08B7CFA2-6DD6-49D3-8E38-322A0F35AA58}.Debug|Any CPU.Build.0 = Debug|Any CPU
		{08B7CFA2-6DD6-49D3-8E38-322A0F35AA58}.Release|Any CPU.ActiveCfg = Release|Any CPU
		{08B7CFA2-6DD6-49D3-8E38-322A0F35AA58}.Release|Any CPU.Build.0 = Release|Any CPU
	EndGlobalSection
	GlobalSection(SolutionProperties) = preSolution
		HideSolutionNode = FALSE
	EndGlobalSection
	GlobalSection(ExtensibilityGlobals) = postSolution
		SolutionGuid = {AAE5E089-F4B8-4F5A-9470-1470C6E27A95}
	EndGlobalSection
EndGlobal
